// !$*UTF8*$!
{
	archiveVersion = 1;
	classes = {
	};
	objectVersion = 50;
	objects = {

/* Begin PBXBuildFile section */
		84808E1926DDA48400BFDF3C /* AppDelegate.swift in Sources */ = {isa = PBXBuildFile; fileRef = 84808E1826DDA48400BFDF3C /* AppDelegate.swift */; };
		84808E1B26DDA48400BFDF3C /* SceneDelegate.swift in Sources */ = {isa = PBXBuildFile; fileRef = 84808E1A26DDA48400BFDF3C /* SceneDelegate.swift */; };
		84808E1D26DDA48400BFDF3C /* ViewController.swift in Sources */ = {isa = PBXBuildFile; fileRef = 84808E1C26DDA48400BFDF3C /* ViewController.swift */; };
		84808E2026DDA48400BFDF3C /* Main.storyboard in Resources */ = {isa = PBXBuildFile; fileRef = 84808E1E26DDA48400BFDF3C /* Main.storyboard */; };
		84808E2226DDA48400BFDF3C /* Assets.xcassets in Resources */ = {isa = PBXBuildFile; fileRef = 84808E2126DDA48400BFDF3C /* Assets.xcassets */; };
		84808E2526DDA48400BFDF3C /* LaunchScreen.storyboard in Resources */ = {isa = PBXBuildFile; fileRef = 84808E2326DDA48400BFDF3C /* LaunchScreen.storyboard */; };
		84808E3026DDA48500BFDF3C /* apiBasicaTests.swift in Sources */ = {isa = PBXBuildFile; fileRef = 84808E2F26DDA48500BFDF3C /* apiBasicaTests.swift */; };
		84808E3B26DDAD7F00BFDF3C /* JsonClass.swift in Sources */ = {isa = PBXBuildFile; fileRef = 84808E3A26DDAD7F00BFDF3C /* JsonClass.swift */; };
/* End PBXBuildFile section */

/* Begin PBXContainerItemProxy section */
		84808E2C26DDA48500BFDF3C /* PBXContainerItemProxy */ = {
			isa = PBXContainerItemProxy;
			containerPortal = 84808E0D26DDA48400BFDF3C /* Project object */;
			proxyType = 1;
			remoteGlobalIDString = 84808E1426DDA48400BFDF3C;
			remoteInfo = apiBasica;
		};
/* End PBXContainerItemProxy section */

/* Begin PBXFileReference section */
		84808E1526DDA48400BFDF3C /* apiBasica.app */ = {isa = PBXFileReference; explicitFileType = wrapper.application; includeInIndex = 0; path = apiBasica.app; sourceTree = BUILT_PRODUCTS_DIR; };
		84808E1826DDA48400BFDF3C /* AppDelegate.swift */ = {isa = PBXFileReference; lastKnownFileType = sourcecode.swift; path = AppDelegate.swift; sourceTree = "<group>"; };
		84808E1A26DDA48400BFDF3C /* SceneDelegate.swift */ = {isa = PBXFileReference; lastKnownFileType = sourcecode.swift; path = SceneDelegate.swift; sourceTree = "<group>"; };
		84808E1C26DDA48400BFDF3C /* ViewController.swift */ = {isa = PBXFileReference; lastKnownFileType = sourcecode.swift; path = ViewController.swift; sourceTree = "<group>"; };
		84808E1F26DDA48400BFDF3C /* Base */ = {isa = PBXFileReference; lastKnownFileType = file.storyboard; name = Base; path = Base.lproj/Main.storyboard; sourceTree = "<group>"; };
		84808E2126DDA48400BFDF3C /* Assets.xcassets */ = {isa = PBXFileReference; lastKnownFileType = folder.assetcatalog; path = Assets.xcassets; sourceTree = "<group>"; };
		84808E2426DDA48400BFDF3C /* Base */ = {isa = PBXFileReference; lastKnownFileType = file.storyboard; name = Base; path = Base.lproj/LaunchScreen.storyboard; sourceTree = "<group>"; };
		84808E2626DDA48400BFDF3C /* Info.plist */ = {isa = PBXFileReference; lastKnownFileType = text.plist.xml; path = Info.plist; sourceTree = "<group>"; };
		84808E2B26DDA48500BFDF3C /* apiBasicaTests.xctest */ = {isa = PBXFileReference; explicitFileType = wrapper.cfbundle; includeInIndex = 0; path = apiBasicaTests.xctest; sourceTree = BUILT_PRODUCTS_DIR; };
		84808E2F26DDA48500BFDF3C /* apiBasicaTests.swift */ = {isa = PBXFileReference; lastKnownFileType = sourcecode.swift; path = apiBasicaTests.swift; sourceTree = "<group>"; };
		84808E3126DDA48500BFDF3C /* Info.plist */ = {isa = PBXFileReference; lastKnownFileType = text.plist.xml; path = Info.plist; sourceTree = "<group>"; };
		84808E3A26DDAD7F00BFDF3C /* JsonClass.swift */ = {isa = PBXFileReference; lastKnownFileType = sourcecode.swift; path = JsonClass.swift; sourceTree = "<group>"; };
/* End PBXFileReference section */

/* Begin PBXFrameworksBuildPhase section */
		84808E1226DDA48400BFDF3C /* Frameworks */ = {
			isa = PBXFrameworksBuildPhase;
			buildActionMask = 2147483647;
			files = (
			);
			runOnlyForDeploymentPostprocessing = 0;
		};
		84808E2826DDA48500BFDF3C /* Frameworks */ = {
			isa = PBXFrameworksBuildPhase;
			buildActionMask = 2147483647;
			files = (
			);
			runOnlyForDeploymentPostprocessing = 0;
		};
/* End PBXFrameworksBuildPhase section */

/* Begin PBXGroup section */
		84808E0C26DDA48400BFDF3C = {
			isa = PBXGroup;
			children = (
				84808E1726DDA48400BFDF3C /* apiBasica */,
				84808E2E26DDA48500BFDF3C /* apiBasicaTests */,
				84808E1626DDA48400BFDF3C /* Products */,
			);
			sourceTree = "<group>";
		};
		84808E1626DDA48400BFDF3C /* Products */ = {
			isa = PBXGroup;
			children = (
				84808E1526DDA48400BFDF3C /* apiBasica.app */,
				84808E2B26DDA48500BFDF3C /* apiBasicaTests.xctest */,
			);
			name = Products;
			sourceTree = "<group>";
		};
		84808E1726DDA48400BFDF3C /* apiBasica */ = {
			isa = PBXGroup;
			children = (
				84808E1826DDA48400BFDF3C /* AppDelegate.swift */,
				84808E1A26DDA48400BFDF3C /* SceneDelegate.swift */,
				84808E1C26DDA48400BFDF3C /* ViewController.swift */,
				84808E1E26DDA48400BFDF3C /* Main.storyboard */,
				84808E2126DDA48400BFDF3C /* Assets.xcassets */,
				84808E2326DDA48400BFDF3C /* LaunchScreen.storyboard */,
				84808E2626DDA48400BFDF3C /* Info.plist */,
				84808E3A26DDAD7F00BFDF3C /* JsonClass.swift */,
			);
			path = apiBasica;
			sourceTree = "<group>";
		};
		84808E2E26DDA48500BFDF3C /* apiBasicaTests */ = {
			isa = PBXGroup;
			children = (
				84808E2F26DDA48500BFDF3C /* apiBasicaTests.swift */,
				84808E3126DDA48500BFDF3C /* Info.plist */,
			);
			path = apiBasicaTests;
			sourceTree = "<group>";
		};
/* End PBXGroup section */

/* Begin PBXNativeTarget section */
		84808E1426DDA48400BFDF3C /* apiBasica */ = {
			isa = PBXNativeTarget;
			buildConfigurationList = 84808E3426DDA48500BFDF3C /* Build configuration list for PBXNativeTarget "apiBasica" */;
			buildPhases = (
				84808E1126DDA48400BFDF3C /* Sources */,
				84808E1226DDA48400BFDF3C /* Frameworks */,
				84808E1326DDA48400BFDF3C /* Resources */,
			);
			buildRules = (
			);
			dependencies = (
			);
			name = apiBasica;
			productName = apiBasica;
			productReference = 84808E1526DDA48400BFDF3C /* apiBasica.app */;
			productType = "com.apple.product-type.application";
		};
		84808E2A26DDA48500BFDF3C /* apiBasicaTests */ = {
			isa = PBXNativeTarget;
			buildConfigurationList = 84808E3726DDA48500BFDF3C /* Build configuration list for PBXNativeTarget "apiBasicaTests" */;
			buildPhases = (
				84808E2726DDA48500BFDF3C /* Sources */,
				84808E2826DDA48500BFDF3C /* Frameworks */,
				84808E2926DDA48500BFDF3C /* Resources */,
			);
			buildRules = (
			);
			dependencies = (
				84808E2D26DDA48500BFDF3C /* PBXTargetDependency */,
			);
			name = apiBasicaTests;
			productName = apiBasicaTests;
			productReference = 84808E2B26DDA48500BFDF3C /* apiBasicaTests.xctest */;
			productType = "com.apple.product-type.bundle.unit-test";
		};
/* End PBXNativeTarget section */

/* Begin PBXProject section */
		84808E0D26DDA48400BFDF3C /* Project object */ = {
			isa = PBXProject;
			attributes = {
				LastSwiftUpdateCheck = 1130;
				LastUpgradeCheck = 1130;
				ORGANIZATIONNAME = PinkAndBrain;
				TargetAttributes = {
					84808E1426DDA48400BFDF3C = {
						CreatedOnToolsVersion = 11.3.1;
					};
					84808E2A26DDA48500BFDF3C = {
						CreatedOnToolsVersion = 11.3.1;
						TestTargetID = 84808E1426DDA48400BFDF3C;
					};
				};
			};
			buildConfigurationList = 84808E1026DDA48400BFDF3C /* Build configuration list for PBXProject "apiBasica" */;
			compatibilityVersion = "Xcode 9.3";
			developmentRegion = en;
			hasScannedForEncodings = 0;
			knownRegions = (
				en,
				Base,
			);
			mainGroup = 84808E0C26DDA48400BFDF3C;
			productRefGroup = 84808E1626DDA48400BFDF3C /* Products */;
			projectDirPath = "";
			projectRoot = "";
			targets = (
				84808E1426DDA48400BFDF3C /* apiBasica */,
				84808E2A26DDA48500BFDF3C /* apiBasicaTests */,
			);
		};
/* End PBXProject section */

/* Begin PBXResourcesBuildPhase section */
		84808E1326DDA48400BFDF3C /* Resources */ = {
			isa = PBXResourcesBuildPhase;
			buildActionMask = 2147483647;
			files = (
				84808E2526DDA48400BFDF3C /* LaunchScreen.storyboard in Resources */,
				84808E2226DDA48400BFDF3C /* Assets.xcassets in Resources */,
				84808E2026DDA48400BFDF3C /* Main.storyboard in Resources */,
			);
			runOnlyForDeploymentPostprocessing = 0;
		};
		84808E2926DDA48500BFDF3C /* Resources */ = {
			isa = PBXResourcesBuildPhase;
			buildActionMask = 2147483647;
			files = (
			);
			runOnlyForDeploymentPostprocessing = 0;
		};
/* End PBXResourcesBuildPhase section */

/* Begin PBXSourcesBuildPhase section */
		84808E1126DDA48400BFDF3C /* Sources */ = {
			isa = PBXSourcesBuildPhase;
			buildActionMask = 2147483647;
			files = (
				84808E1D26DDA48400BFDF3C /* ViewController.swift in Sources */,
				84808E1926DDA48400BFDF3C /* AppDelegate.swift in Sources */,
				84808E3B26DDAD7F00BFDF3C /* JsonClass.swift in Sources */,
				84808E1B26DDA48400BFDF3C /* SceneDelegate.swift in Sources */,
			);
			runOnlyForDeploymentPostprocessing = 0;
		};
		84808E2726DDA48500BFDF3C /* Sources */ = {
			isa = PBXSourcesBuildPhase;
			buildActionMask = 2147483647;
			files = (
				84808E3026DDA48500BFDF3C /* apiBasicaTests.swift in Sources */,
			);
			runOnlyForDeploymentPostprocessing = 0;
		};
/* End PBXSourcesBuildPhase section */

/* Begin PBXTargetDependency section */
		84808E2D26DDA48500BFDF3C /* PBXTargetDependency */ = {
			isa = PBXTargetDependency;
			target = 84808E1426DDA48400BFDF3C /* apiBasica */;
			targetProxy = 84808E2C26DDA48500BFDF3C /* PBXContainerItemProxy */;
		};
/* End PBXTargetDependency section */

/* Begin PBXVariantGroup section */
		84808E1E26DDA48400BFDF3C /* Main.storyboard */ = {
			isa = PBXVariantGroup;
			children = (
				84808E1F26DDA48400BFDF3C /* Base */,
			);
			name = Main.storyboard;
			sourceTree = "<group>";
		};
		84808E2326DDA48400BFDF3C /* LaunchScreen.storyboard */ = {
			isa = PBXVariantGroup;
			children = (
				84808E2426DDA48400BFDF3C /* Base */,
			);
			name = LaunchScreen.storyboard;
			sourceTree = "<group>";
		};
/* End PBXVariantGroup section */

/* Begin XCBuildConfiguration section */
		84808E3226DDA48500BFDF3C /* Debug */ = {
			isa = XCBuildConfiguration;
			buildSettings = {
				ALWAYS_SEARCH_USER_PATHS = NO;
				CLANG_ANALYZER_NONNULL = YES;
				CLANG_ANALYZER_NUMBER_OBJECT_CONVERSION = YES_AGGRESSIVE;
				CLANG_CXX_LANGUAGE_STANDARD = "gnu++14";
				CLANG_CXX_LIBRARY = "libc++";
				CLANG_ENABLE_MODULES = YES;
				CLANG_ENABLE_OBJC_ARC = YES;
				CLANG_ENABLE_OBJC_WEAK = YES;
				CLANG_WARN_BLOCK_CAPTURE_AUTORELEASING = YES;
				CLANG_WARN_BOOL_CONVERSION = YES;
				CLANG_WARN_COMMA = YES;
				CLANG_WARN_CONSTANT_CONVERSION = YES;
				CLANG_WARN_DEPRECATED_OBJC_IMPLEMENTATIONS = YES;
				CLANG_WARN_DIRECT_OBJC_ISA_USAGE = YES_ERROR;
				CLANG_WARN_DOCUMENTATION_COMMENTS = YES;
				CLANG_WARN_EMPTY_BODY = YES;
				CLANG_WARN_ENUM_CONVERSION = YES;
				CLANG_WARN_INFINITE_RECURSION = YES;
				CLANG_WARN_INT_CONVERSION = YES;
				CLANG_WARN_NON_LITERAL_NULL_CONVERSION = YES;
				CLANG_WARN_OBJC_IMPLICIT_RETAIN_SELF = YES;
				CLANG_WARN_OBJC_LITERAL_CONVERSION = YES;
				CLANG_WARN_OBJC_ROOT_CLASS = YES_ERROR;
				CLANG_WARN_RANGE_LOOP_ANALYSIS = YES;
				CLANG_WARN_STRICT_PROTOTYPES = YES;
				CLANG_WARN_SUSPICIOUS_MOVE = YES;
				CLANG_WARN_UNGUARDED_AVAILABILITY = YES_AGGRESSIVE;
				CLANG_WARN_UNREACHABLE_CODE = YES;
				CLANG_WARN__DUPLICATE_METHOD_MATCH = YES;
				COPY_PHASE_STRIP = NO;
				DEBUG_INFORMATION_FORMAT = dwarf;
				ENABLE_STRICT_OBJC_MSGSEND = YES;
				ENABLE_TESTABILITY = YES;
				GCC_C_LANGUAGE_STANDARD = gnu11;
				GCC_DYNAMIC_NO_PIC = NO;
				GCC_NO_COMMON_BLOCKS = YES;
				GCC_OPTIMIZATION_LEVEL = 0;
				GCC_PREPROCESSOR_DEFINITIONS = (
					"DEBUG=1",
					"$(inherited)",
				);
				GCC_WARN_64_TO_32_BIT_CONVERSION = YES;
				GCC_WARN_ABOUT_RETURN_TYPE = YES_ERROR;
				GCC_WARN_UNDECLARED_SELECTOR = YES;
				GCC_WARN_UNINITIALIZED_AUTOS = YES_AGGRESSIVE;
				GCC_WARN_UNUSED_FUNCTION = YES;
				GCC_WARN_UNUSED_VARIABLE = YES;
				IPHONEOS_DEPLOYMENT_TARGET = 13.2;
				MTL_ENABLE_DEBUG_INFO = INCLUDE_SOURCE;
				MTL_FAST_MATH = YES;
				ONLY_ACTIVE_ARCH = YES;
				SDKROOT = iphoneos;
				SWIFT_ACTIVE_COMPILATION_CONDITIONS = DEBUG;
				SWIFT_OPTIMIZATION_LEVEL = "-Onone";
			};
			name = Debug;
		};
		84808E3326DDA48500BFDF3C /* Release */ = {
			isa = XCBuildConfiguration;
			buildSettings = {
				ALWAYS_SEARCH_USER_PATHS = NO;
				CLANG_ANALYZER_NONNULL = YES;
				CLANG_ANALYZER_NUMBER_OBJECT_CONVERSION = YES_AGGRESSIVE;
				CLANG_CXX_LANGUAGE_STANDARD = "gnu++14";
				CLANG_CXX_LIBRARY = "libc++";
				CLANG_ENABLE_MODULES = YES;
				CLANG_ENABLE_OBJC_ARC = YES;
				CLANG_ENABLE_OBJC_WEAK = YES;
				CLANG_WARN_BLOCK_CAPTURE_AUTORELEASING = YES;
				CLANG_WARN_BOOL_CONVERSION = YES;
				CLANG_WARN_COMMA = YES;
				CLANG_WARN_CONSTANT_CONVERSION = YES;
				CLANG_WARN_DEPRECATED_OBJC_IMPLEMENTATIONS = YES;
				CLANG_WARN_DIRECT_OBJC_ISA_USAGE = YES_ERROR;
				CLANG_WARN_DOCUMENTATION_COMMENTS = YES;
				CLANG_WARN_EMPTY_BODY = YES;
				CLANG_WARN_ENUM_CONVERSION = YES;
				CLANG_WARN_INFINITE_RECURSION = YES;
				CLANG_WARN_INT_CONVERSION = YES;
				CLANG_WARN_NON_LITERAL_NULL_CONVERSION = YES;
				CLANG_WARN_OBJC_IMPLICIT_RETAIN_SELF = YES;
				CLANG_WARN_OBJC_LITERAL_CONVERSION = YES;
				CLANG_WARN_OBJC_ROOT_CLASS = YES_ERROR;
				CLANG_WARN_RANGE_LOOP_ANALYSIS = YES;
				CLANG_WARN_STRICT_PROTOTYPES = YES;
				CLANG_WARN_SUSPICIOUS_MOVE = YES;
				CLANG_WARN_UNGUARDED_AVAILABILITY = YES_AGGRESSIVE;
				CLANG_WARN_UNREACHABLE_CODE = YES;
				CLANG_WARN__DUPLICATE_METHOD_MATCH = YES;
				COPY_PHASE_STRIP = NO;
				DEBUG_INFORMATION_FORMAT = "dwarf-with-dsym";
				ENABLE_NS_ASSERTIONS = NO;
				ENABLE_STRICT_OBJC_MSGSEND = YES;
				GCC_C_LANGUAGE_STANDARD = gnu11;
				GCC_NO_COMMON_BLOCKS = YES;
				GCC_WARN_64_TO_32_BIT_CONVERSION = YES;
				GCC_WARN_ABOUT_RETURN_TYPE = YES_ERROR;
				GCC_WARN_UNDECLARED_SELECTOR = YES;
				GCC_WARN_UNINITIALIZED_AUTOS = YES_AGGRESSIVE;
				GCC_WARN_UNUSED_FUNCTION = YES;
				GCC_WARN_UNUSED_VARIABLE = YES;
				IPHONEOS_DEPLOYMENT_TARGET = 13.2;
				MTL_ENABLE_DEBUG_INFO = NO;
				MTL_FAST_MATH = YES;
				SDKROOT = iphoneos;
				SWIFT_COMPILATION_MODE = wholemodule;
				SWIFT_OPTIMIZATION_LEVEL = "-O";
				VALIDATE_PRODUCT = YES;
			};
			name = Release;
		};
		84808E3526DDA48500BFDF3C /* Debug */ = {
			isa = XCBuildConfiguration;
			buildSettings = {
				ASSETCATALOG_COMPILER_APPICON_NAME = AppIcon;
				CODE_SIGN_STYLE = Automatic;
				DEVELOPMENT_TEAM = 38S8K2Q684;
				INFOPLIST_FILE = apiBasica/Info.plist;
				LD_RUNPATH_SEARCH_PATHS = (
					"$(inherited)",
					"@executable_path/Frameworks",
				);
				PRODUCT_BUNDLE_IDENTIFIER = pinkandbrain.apiBasica;
				PRODUCT_NAME = "$(TARGET_NAME)";
				SWIFT_VERSION = 5.0;
				TARGETED_DEVICE_FAMILY = "1,2";
			};
			name = Debug;
		};
		84808E3626DDA48500BFDF3C /* Release */ = {
			isa = XCBuildConfiguration;
			buildSettings = {
				ASSETCATALOG_COMPILER_APPICON_NAME = AppIcon;
				CODE_SIGN_STYLE = Automatic;
				DEVELOPMENT_TEAM = 38S8K2Q684;
				INFOPLIST_FILE = apiBasica/Info.plist;
				LD_RUNPATH_SEARCH_PATHS = (
					"$(inherited)",
					"@executable_path/Frameworks",
				);
				PRODUCT_BUNDLE_IDENTIFIER = pinkandbrain.apiBasica;
				PRODUCT_NAME = "$(TARGET_NAME)";
				SWIFT_VERSION = 5.0;
				TARGETED_DEVICE_FAMILY = "1,2";
			};
			name = Release;
		};
		84808E3826DDA48500BFDF3C /* Debug */ = {
			isa = XCBuildConfiguration;
			buildSettings = {
				ALWAYS_EMBED_SWIFT_STANDARD_LIBRARIES = YES;
				BUNDLE_LOADER = "$(TEST_HOST)";
				CODE_SIGN_STYLE = Automatic;
				DEVELOPMENT_TEAM = 38S8K2Q684;
				INFOPLIST_FILE = apiBasicaTests/Info.plist;
				IPHONEOS_DEPLOYMENT_TARGET = 13.2;
				LD_RUNPATH_SEARCH_PATHS = (
					"$(inherited)",
					"@executable_path/Frameworks",
					"@loader_path/Frameworks",
				);
				PRODUCT_BUNDLE_IDENTIFIER = pinkandbrain.apiBasicaTests;
				PRODUCT_NAME = "$(TARGET_NAME)";
				SWIFT_VERSION = 5.0;
				TARGETED_DEVICE_FAMILY = "1,2";
				TEST_HOST = "$(BUILT_PRODUCTS_DIR)/apiBasica.app/apiBasica";
			};
			name = Debug;
		};
		84808E3926DDA48500BFDF3C /* Release */ = {
			isa = XCBuildConfiguration;
			buildSettings = {
				ALWAYS_EMBED_SWIFT_STANDARD_LIBRARIES = YES;
				BUNDLE_LOADER = "$(TEST_HOST)";
				CODE_SIGN_STYLE = Automatic;
				DEVELOPMENT_TEAM = 38S8K2Q684;
				INFOPLIST_FILE = apiBasicaTests/Info.plist;
				IPHONEOS_DEPLOYMENT_TARGET = 13.2;
				LD_RUNPATH_SEARCH_PATHS = (
					"$(inherited)",
					"@executable_path/Frameworks",
					"@loader_path/Frameworks",
				);
				PRODUCT_BUNDLE_IDENTIFIER = pinkandbrain.apiBasicaTests;
				PRODUCT_NAME = "$(TARGET_NAME)";
				SWIFT_VERSION = 5.0;
				TARGETED_DEVICE_FAMILY = "1,2";
				TEST_HOST = "$(BUILT_PRODUCTS_DIR)/apiBasica.app/apiBasica";
			};
			name = Release;
		};
/* End XCBuildConfiguration section */

/* Begin XCConfigurationList section */
		84808E1026DDA48400BFDF3C /* Build configuration list for PBXProject "apiBasica" */ = {
			isa = XCConfigurationList;
			buildConfigurations = (
				84808E3226DDA48500BFDF3C /* Debug */,
				84808E3326DDA48500BFDF3C /* Release */,
			);
			defaultConfigurationIsVisible = 0;
			defaultConfigurationName = Release;
		};
		84808E3426DDA48500BFDF3C /* Build configuration list for PBXNativeTarget "apiBasica" */ = {
			isa = XCConfigurationList;
			buildConfigurations = (
				84808E3526DDA48500BFDF3C /* Debug */,
				84808E3626DDA48500BFDF3C /* Release */,
			);
			defaultConfigurationIsVisible = 0;
			defaultConfigurationName = Release;
		};
		84808E3726DDA48500BFDF3C /* Build configuration list for PBXNativeTarget "apiBasicaTests" */ = {
			isa = XCConfigurationList;
			buildConfigurations = (
				84808E3826DDA48500BFDF3C /* Debug */,
				84808E3926DDA48500BFDF3C /* Release */,
			);
			defaultConfigurationIsVisible = 0;
			defaultConfigurationName = Release;
		};
/* End XCConfigurationList section */
	};
	rootObject = 84808E0D26DDA48400BFDF3C /* Project object */;
}
